
Microsoft Visual Studio Solution File, Format Version 12.00
# Visual Studio Version 16
VisualStudioVersion = 16.0.31402.337
MinimumVisualStudioVersion = 10.0.40219.1
Project("{9A19103F-16F7-4668-BE54-9A1E7A4F7556}") = "e2etest", "e2etest\e2etest.csproj", "{42AAFE20-7D11-44A4-8A9D-47CE3D498881}"
EndProject
Project("{FAE04EC0-301F-11D3-BF4B-00C04F79EFBC}") = "e2etest.Tests", "e2etest.Tests\e2etest.Tests.csproj", "{2F73FAF1-9377-4EDD-9B07-D1BFE4E3868C}"
EndProject
Global
	GlobalSection(SolutionConfigurationPlatforms) = preSolution
		Debug|Any CPU = Debug|Any CPU
		Release|Any CPU = Release|Any CPU
	EndGlobalSection
	GlobalSection(ProjectConfigurationPlatforms) = postSolution
		{42AAFE20-7D11-44A4-8A9D-47CE3D498881}.Debug|Any CPU.ActiveCfg = Debug|Any CPU
		{42AAFE20-7D11-44A4-8A9D-47CE3D498881}.Debug|Any CPU.Build.0 = Debug|Any CPU
		{42AAFE20-7D11-44A4-8A9D-47CE3D498881}.Release|Any CPU.ActiveCfg = Release|Any CPU
		{42AAFE20-7D11-44A4-8A9D-47CE3D498881}.Release|Any CPU.Build.0 = Release|Any CPU
		{2F73FAF1-9377-4EDD-9B07-D1BFE4E3868C}.Debug|Any CPU.ActiveCfg = Debug|Any CPU
		{2F73FAF1-9377-4EDD-9B07-D1BFE4E3868C}.Debug|Any CPU.Build.0 = Debug|Any CPU
		{2F73FAF1-9377-4EDD-9B07-D1BFE4E3868C}.Release|Any CPU.ActiveCfg = Release|Any CPU
		{2F73FAF1-9377-4EDD-9B07-D1BFE4E3868C}.Release|Any CPU.Build.0 = Release|Any CPU
	EndGlobalSection
	GlobalSection(SolutionProperties) = preSolution
		HideSolutionNode = FALSE
	EndGlobalSection
	GlobalSection(ExtensibilityGlobals) = postSolution
		SolutionGuid = {C1C62F87-C821-4FAC-98C7-16A10F587AF9}
	EndGlobalSection
EndGlobal
